# DO NOT EDIT MANUALLY - Managed by Fern Replay
version: "1.0"
generations:
  - commit_sha: 77fdba62dce5d28c1b6d5afcd8663ad48a95bd91
    tree_hash: 634b88b9e4f6ef042a31e4ee97dc7531531486de
    timestamp: 2026-08-25T01:56:33.113Z
    cli_version: unknown
    generator_versions: {}
current_generation: 77fdba62dce5d28c1b6d5afcd8663ad48a95bd91
patches: []
