# DO NOT EDIT MANUALLY - Managed by Fern Replay
version: "1.0"
generations:
  - commit_sha: 77fdba62dce5d28c1b6d5afcd8663ad48a95bd91
    tree_hash: 634b88b9e4f6ef042a31e4ee97dc7531531486de
    timestamp: 2026-08-25T01:56:33.113Z
    cli_version: unknown
    generator_versions: {}
  - commit_sha: 5514b202ffe6d0dfd7b2d5f75dbf9891480b583c
    tree_hash: e5d85b457704ffae6b6c0f61276ef984d7455959
    timestamp: 2026-08-25T01:56:34.017Z
    cli_version: unknown
    generator_versions:
      fernapi/fern-python-sdk: 5.28.0
  - commit_sha: a577c0ce720fce5489e5b73ad338d0b074cdc85a
    tree_hash: b0ae89b61901fbc9d31362e24f5ae0556b843e9b
    timestamp: 2026-08-25T06:15:44.656Z
    cli_version: unknown
    generator_versions:
      fernapi/fern-python-sdk: 5.28.0
  - commit_sha: c738e378a4897e35a49ffa300fd2f0b9810bbf3d
    tree_hash: a27237685792fe1678133f721d5ff05ece2c1d60
    timestamp: 2026-08-25T18:10:46.053Z
    cli_version: unknown
    generator_versions:
      fernapi/fern-python-sdk: 5.28.0
  - commit_sha: a5e431eb26ecc31dcbed9ba32c3c1822596f9c53
    tree_hash: 0bc43c7a0c56a37794b64ae704c252aa36e86dc6
    timestamp: 2026-08-25T22:40:16.618Z
    cli_version: unknown
    generator_versions:
      fernapi/fern-python-sdk: 5.28.0
  - commit_sha: 9d74c51002bfcacdc73c9106b5d6db8cabffd1bc
    tree_hash: 2ac56ab26550e19c97829177a36606784a2b5bf8
    timestamp: 2026-08-26T03:55:53.583Z
    cli_version: unknown
    generator_versions:
      fernapi/fern-python-sdk: 5.28.0
current_generation: 9d74c51002bfcacdc73c9106b5d6db8cabffd1bc
patches: []
